// !$*UTF8*$!
{
	archiveVersion = 1;
	classes = {
	};
	objectVersion = 56;
	objects = {

/* Begin PBXBuildFile section */
		1FBD89DD2C27E1AC00966BF1 /* IphoneApp.swift in Sources */ = {isa = PBXBuildFile; fileRef = 1FBD89DC2C27E1AC00966BF1 /* IphoneApp.swift */; };
		1FBD89DF2C27E1AC00966BF1 /* ContentView.swift in Sources */ = {isa = PBXBuildFile; fileRef = 1FBD89DE2C27E1AC00966BF1 /* ContentView.swift */; };
		1FBD89E12C27E1AE00966BF1 /* Assets.xcassets in Resources */ = {isa = PBXBuildFile; fileRef = 1FBD89E02C27E1AE00966BF1 /* Assets.xcassets */; };
		1FBD89E42C27E1AE00966BF1 /* Preview Assets.xcassets in Resources */ = {isa = PBXBuildFile; fileRef = 1FBD89E32C27E1AE00966BF1 /* Preview Assets.xcassets */; };
		1FBD89EE2C27E1AE00966BF1 /* IphoneTests.swift in Sources */ = {isa = PBXBuildFile; fileRef = 1FBD89ED2C27E1AE00966BF1 /* IphoneTests.swift */; };
		1FBD89F82C27E1AE00966BF1 /* IphoneUITests.swift in Sources */ = {isa = PBXBuildFile; fileRef = 1FBD89F72C27E1AE00966BF1 /* IphoneUITests.swift */; };
		1FBD89FA2C27E1AE00966BF1 /* IphoneUITestsLaunchTests.swift in Sources */ = {isa = PBXBuildFile; fileRef = 1FBD89F92C27E1AE00966BF1 /* IphoneUITestsLaunchTests.swift */; };
/* End PBXBuildFile section */

/* Begin PBXContainerItemProxy section */
		1FBD89EA2C27E1AE00966BF1 /* PBXContainerItemProxy */ = {
			isa = PBXContainerItemProxy;
			containerPortal = 1FBD89D12C27E1AC00966BF1 /* Project object */;
			proxyType = 1;
			remoteGlobalIDString = 1FBD89D82C27E1AC00966BF1;
			remoteInfo = Iphone;
		};
		1FBD89F42C27E1AE00966BF1 /* PBXContainerItemProxy */ = {
			isa = PBXContainerItemProxy;
			containerPortal = 1FBD89D12C27E1AC00966BF1 /* Project object */;
			proxyType = 1;
			remoteGlobalIDString = 1FBD89D82C27E1AC00966BF1;
			remoteInfo = Iphone;
		};
/* End PBXContainerItemProxy section */

/* Begin PBXFileReference section */
		1FBD89D92C27E1AC00966BF1 /* Iphone.app */ = {isa = PBXFileReference; explicitFileType = wrapper.application; includeInIndex = 0; path = Iphone.app; sourceTree = BUILT_PRODUCTS_DIR; };
		1FBD89DC2C27E1AC00966BF1 /* IphoneApp.swift */ = {isa = PBXFileReference; lastKnownFileType = sourcecode.swift; path = IphoneApp.swift; sourceTree = "<group>"; };
		1FBD89DE2C27E1AC00966BF1 /* ContentView.swift */ = {isa = PBXFileReference; lastKnownFileType = sourcecode.swift; path = ContentView.swift; sourceTree = "<group>"; };
		1FBD89E02C27E1AE00966BF1 /* Assets.xcassets */ = {isa = PBXFileReference; lastKnownFileType = folder.assetcatalog; path = Assets.xcassets; sourceTree = "<group>"; };
		1FBD89E32C27E1AE00966BF1 /* Preview Assets.xcassets */ = {isa = PBXFileReference; lastKnownFileType = folder.assetcatalog; path = "Preview Assets.xcassets"; sourceTree = "<group>"; };
		1FBD89E92C27E1AE00966BF1 /* IphoneTests.xctest */ = {isa = PBXFileReference; explicitFileType = wrapper.cfbundle; includeInIndex = 0; path = IphoneTests.xctest; sourceTree = BUILT_PRODUCTS_DIR; };
		1FBD89ED2C27E1AE00966BF1 /* IphoneTests.swift */ = {isa = PBXFileReference; lastKnownFileType = sourcecode.swift; path = IphoneTests.swift; sourceTree = "<group>"; };
		1FBD89F32C27E1AE00966BF1 /* IphoneUITests.xctest */ = {isa = PBXFileReference; explicitFileType = wrapper.cfbundle; includeInIndex = 0; path = IphoneUITests.xctest; sourceTree = BUILT_PRODUCTS_DIR; };
		1FBD89F72C27E1AE00966BF1 /* IphoneUITests.swift */ = {isa = PBXFileReference; lastKnownFileType = sourcecode.swift; path = IphoneUITests.swift; sourceTree = "<group>"; };
		1FBD89F92C27E1AE00966BF1 /* IphoneUITestsLaunchTests.swift */ = {isa = PBXFileReference; lastKnownFileType = sourcecode.swift; path = IphoneUITestsLaunchTests.swift; sourceTree = "<group>"; };
/* End PBXFileReference section */

/* Begin PBXFrameworksBuildPhase section */
		1FBD89D62C27E1AC00966BF1 /* Frameworks */ = {
			isa = PBXFrameworksBuildPhase;
			buildActionMask = 2147483647;
			files = (
			);
			runOnlyForDeploymentPostprocessing = 0;
		};
		1FBD89E62C27E1AE00966BF1 /* Frameworks */ = {
			isa = PBXFrameworksBuildPhase;
			buildActionMask = 2147483647;
			files = (
			);
			runOnlyForDeploymentPostprocessing = 0;
		};
		1FBD89F02C27E1AE00966BF1 /* Frameworks */ = {
			isa = PBXFrameworksBuildPhase;
			buildActionMask = 2147483647;
			files = (
			);
			runOnlyForDeploymentPostprocessing = 0;
		};
/* End PBXFrameworksBuildPhase section */

/* Begin PBXGroup section */
		1FBD89D02C27E1AC00966BF1 = {
			isa = PBXGroup;
			children = (
				1FBD89DB2C27E1AC00966BF1 /* Iphone */,
				1FBD89EC2C27E1AE00966BF1 /* IphoneTests */,
				1FBD89F62C27E1AE00966BF1 /* IphoneUITests */,
				1FBD89DA2C27E1AC00966BF1 /* Products */,
			);
			sourceTree = "<group>";
		};
		1FBD89DA2C27E1AC00966BF1 /* Products */ = {
			isa = PBXGroup;
			children = (
				1FBD89D92C27E1AC00966BF1 /* Iphone.app */,
				1FBD89E92C27E1AE00966BF1 /* IphoneTests.xctest */,
				1FBD89F32C27E1AE00966BF1 /* IphoneUITests.xctest */,
			);
			name = Products;
			sourceTree = "<group>";
		};
		1FBD89DB2C27E1AC00966BF1 /* Iphone */ = {
			isa = PBXGroup;
			children = (
				1FBD89DC2C27E1AC00966BF1 /* IphoneApp.swift */,
				1FBD89DE2C27E1AC00966BF1 /* ContentView.swift */,
				1FBD89E02C27E1AE00966BF1 /* Assets.xcassets */,
				1FBD89E22C27E1AE00966BF1 /* Preview Content */,
			);
			path = Iphone;
			sourceTree = "<group>";
		};
		1FBD89E22C27E1AE00966BF1 /* Preview Content */ = {
			isa = PBXGroup;
			children = (
				1FBD89E32C27E1AE00966BF1 /* Preview Assets.xcassets */,
			);
			path = "Preview Content";
			sourceTree = "<group>";
		};
		1FBD89EC2C27E1AE00966BF1 /* IphoneTests */ = {
			isa = PBXGroup;
			children = (
				1FBD89ED2C27E1AE00966BF1 /* IphoneTests.swift */,
			);
			path = IphoneTests;
			sourceTree = "<group>";
		};
		1FBD89F62C27E1AE00966BF1 /* IphoneUITests */ = {
			isa = PBXGroup;
			children = (
				1FBD89F72C27E1AE00966BF1 /* IphoneUITests.swift */,
				1FBD89F92C27E1AE00966BF1 /* IphoneUITestsLaunchTests.swift */,
			);
			path = IphoneUITests;
			sourceTree = "<group>";
		};
/* End PBXGroup section */

/* Begin PBXNativeTarget section */
		1FBD89D82C27E1AC00966BF1 /* Iphone */ = {
			isa = PBXNativeTarget;
			buildConfigurationList = 1FBD89FD2C27E1AE00966BF1 /* Build configuration list for PBXNativeTarget "Iphone" */;
			buildPhases = (
				1FBD89D52C27E1AC00966BF1 /* Sources */,
				1FBD89D62C27E1AC00966BF1 /* Frameworks */,
				1FBD89D72C27E1AC00966BF1 /* Resources */,
			);
			buildRules = (
			);
			dependencies = (
			);
			name = Iphone;
			productName = Iphone;
			productReference = 1FBD89D92C27E1AC00966BF1 /* Iphone.app */;
			productType = "com.apple.product-type.application";
		};
		1FBD89E82C27E1AE00966BF1 /* IphoneTests */ = {
			isa = PBXNativeTarget;
			buildConfigurationList = 1FBD8A002C27E1AE00966BF1 /* Build configuration list for PBXNativeTarget "IphoneTests" */;
			buildPhases = (
				1FBD89E52C27E1AE00966BF1 /* Sources */,
				1FBD89E62C27E1AE00966BF1 /* Frameworks */,
				1FBD89E72C27E1AE00966BF1 /* Resources */,
			);
			buildRules = (
			);
			dependencies = (
				1FBD89EB2C27E1AE00966BF1 /* PBXTargetDependency */,
			);
			name = IphoneTests;
			productName = IphoneTests;
			productReference = 1FBD89E92C27E1AE00966BF1 /* IphoneTests.xctest */;
			productType = "com.apple.product-type.bundle.unit-test";
		};
		1FBD89F22C27E1AE00966BF1 /* IphoneUITests */ = {
			isa = PBXNativeTarget;
			buildConfigurationList = 1FBD8A032C27E1AE00966BF1 /* Build configuration list for PBXNativeTarget "IphoneUITests" */;
			buildPhases = (
				1FBD89EF2C27E1AE00966BF1 /* Sources */,
				1FBD89F02C27E1AE00966BF1 /* Frameworks */,
				1FBD89F12C27E1AE00966BF1 /* Resources */,
			);
			buildRules = (
			);
			dependencies = (
				1FBD89F52C27E1AE00966BF1 /* PBXTargetDependency */,
			);
			name = IphoneUITests;
			productName = IphoneUITests;
			productReference = 1FBD89F32C27E1AE00966BF1 /* IphoneUITests.xctest */;
			productType = "com.apple.product-type.bundle.ui-testing";
		};
/* End PBXNativeTarget section */

/* Begin PBXProject section */
		1FBD89D12C27E1AC00966BF1 /* Project object */ = {
			isa = PBXProject;
			attributes = {
				BuildIndependentTargetsInParallel = 1;
				LastSwiftUpdateCheck = 1540;
				LastUpgradeCheck = 1540;
				TargetAttributes = {
					1FBD89D82C27E1AC00966BF1 = {
						CreatedOnToolsVersion = 15.4;
					};
					1FBD89E82C27E1AE00966BF1 = {
						CreatedOnToolsVersion = 15.4;
						TestTargetID = 1FBD89D82C27E1AC00966BF1;
					};
					1FBD89F22C27E1AE00966BF1 = {
						CreatedOnToolsVersion = 15.4;
						TestTargetID = 1FBD89D82C27E1AC00966BF1;
					};
				};
			};
			buildConfigurationList = 1FBD89D42C27E1AC00966BF1 /* Build configuration list for PBXProject "Iphone" */;
			compatibilityVersion = "Xcode 14.0";
			developmentRegion = en;
			hasScannedForEncodings = 0;
			knownRegions = (
				en,
				Base,
			);
			mainGroup = 1FBD89D02C27E1AC00966BF1;
			productRefGroup = 1FBD89DA2C27E1AC00966BF1 /* Products */;
			projectDirPath = "";
			projectRoot = "";
			targets = (
				1FBD89D82C27E1AC00966BF1 /* Iphone */,
				1FBD89E82C27E1AE00966BF1 /* IphoneTests */,
				1FBD89F22C27E1AE00966BF1 /* IphoneUITests */,
			);
		};
/* End PBXProject section */

/* Begin PBXResourcesBuildPhase section */
		1FBD89D72C27E1AC00966BF1 /* Resources */ = {
			isa = PBXResourcesBuildPhase;
			buildActionMask = 2147483647;
			files = (
				1FBD89E42C27E1AE00966BF1 /* Preview Assets.xcassets in Resources */,
				1FBD89E12C27E1AE00966BF1 /* Assets.xcassets in Resources */,
			);
			runOnlyForDeploymentPostprocessing = 0;
		};
		1FBD89E72C27E1AE00966BF1 /* Resources */ = {
			isa = PBXResourcesBuildPhase;
			buildActionMask = 2147483647;
			files = (
			);
			runOnlyForDeploymentPostprocessing = 0;
		};
		1FBD89F12C27E1AE00966BF1 /* Resources */ = {
			isa = PBXResourcesBuildPhase;
			buildActionMask = 2147483647;
			files = (
			);
			runOnlyForDeploymentPostprocessing = 0;
		};
/* End PBXResourcesBuildPhase section */

/* Begin PBXSourcesBuildPhase section */
		1FBD89D52C27E1AC00966BF1 /* Sources */ = {
			isa = PBXSourcesBuildPhase;
			buildActionMask = 2147483647;
			files = (
				1FBD89DF2C27E1AC00966BF1 /* ContentView.swift in Sources */,
				1FBD89DD2C27E1AC00966BF1 /* IphoneApp.swift in Sources */,
			);
			runOnlyForDeploymentPostprocessing = 0;
		};
		1FBD89E52C27E1AE00966BF1 /* Sources */ = {
			isa = PBXSourcesBuildPhase;
			buildActionMask = 2147483647;
			files = (
				1FBD89EE2C27E1AE00966BF1 /* IphoneTests.swift in Sources */,
			);
			runOnlyForDeploymentPostprocessing = 0;
		};
		1FBD89EF2C27E1AE00966BF1 /* Sources */ = {
			isa = PBXSourcesBuildPhase;
			buildActionMask = 2147483647;
			files = (
				1FBD89F82C27E1AE00966BF1 /* IphoneUITests.swift in Sources */,
				1FBD89FA2C27E1AE00966BF1 /* IphoneUITestsLaunchTests.swift in Sources */,
			);
			runOnlyForDeploymentPostprocessing = 0;
		};
/* End PBXSourcesBuildPhase section */

/* Begin PBXTargetDependency section */
		1FBD89EB2C27E1AE00966BF1 /* PBXTargetDependency */ = {
			isa = PBXTargetDependency;
			target = 1FBD89D82C27E1AC00966BF1 /* Iphone */;
			targetProxy = 1FBD89EA2C27E1AE00966BF1 /* PBXContainerItemProxy */;
		};
		1FBD89F52C27E1AE00966BF1 /* PBXTargetDependency */ = {
			isa = PBXTargetDependency;
			target = 1FBD89D82C27E1AC00966BF1 /* Iphone */;
			targetProxy = 1FBD89F42C27E1AE00966BF1 /* PBXContainerItemProxy */;
		};
/* End PBXTargetDependency section */

/* Begin XCBuildConfiguration section */
		1FBD89FB2C27E1AE00966BF1 /* Debug */ = {
			isa = XCBuildConfiguration;
			buildSettings = {
				ALWAYS_SEARCH_USER_PATHS = NO;
				ASSETCATALOG_COMPILER_GENERATE_SWIFT_ASSET_SYMBOL_EXTENSIONS = YES;
				CLANG_ANALYZER_NONNULL = YES;
				CLANG_ANALYZER_NUMBER_OBJECT_CONVERSION = YES_AGGRESSIVE;
				CLANG_CXX_LANGUAGE_STANDARD = "gnu++20";
				CLANG_ENABLE_MODULES = YES;
				CLANG_ENABLE_OBJC_ARC = YES;
				CLANG_ENABLE_OBJC_WEAK = YES;
				CLANG_WARN_BLOCK_CAPTURE_AUTORELEASING = YES;
				CLANG_WARN_BOOL_CONVERSION = YES;
				CLANG_WARN_COMMA = YES;
				CLANG_WARN_CONSTANT_CONVERSION = YES;
				CLANG_WARN_DEPRECATED_OBJC_IMPLEMENTATIONS = YES;
				CLANG_WARN_DIRECT_OBJC_ISA_USAGE = YES_ERROR;
				CLANG_WARN_DOCUMENTATION_COMMENTS = YES;
				CLANG_WARN_EMPTY_BODY = YES;
				CLANG_WARN_ENUM_CONVERSION = YES;
				CLANG_WARN_INFINITE_RECURSION = YES;
				CLANG_WARN_INT_CONVERSION = YES;
				CLANG_WARN_NON_LITERAL_NULL_CONVERSION = YES;
				CLANG_WARN_OBJC_IMPLICIT_RETAIN_SELF = YES;
				CLANG_WARN_OBJC_LITERAL_CONVERSION = YES;
				CLANG_WARN_OBJC_ROOT_CLASS = YES_ERROR;
				CLANG_WARN_QUOTED_INCLUDE_IN_FRAMEWORK_HEADER = YES;
				CLANG_WARN_RANGE_LOOP_ANALYSIS = YES;
				CLANG_WARN_STRICT_PROTOTYPES = YES;
				CLANG_WARN_SUSPICIOUS_MOVE = YES;
				CLANG_WARN_UNGUARDED_AVAILABILITY = YES_AGGRESSIVE;
				CLANG_WARN_UNREACHABLE_CODE = YES;
				CLANG_WARN__DUPLICATE_METHOD_MATCH = YES;
				COPY_PHASE_STRIP = NO;
				DEBUG_INFORMATION_FORMAT = dwarf;
				ENABLE_STRICT_OBJC_MSGSEND = YES;
				ENABLE_TESTABILITY = YES;
				ENABLE_USER_SCRIPT_SANDBOXING = YES;
				GCC_C_LANGUAGE_STANDARD = gnu17;
				GCC_DYNAMIC_NO_PIC = NO;
				GCC_NO_COMMON_BLOCKS = YES;
				GCC_OPTIMIZATION_LEVEL = 0;
				GCC_PREPROCESSOR_DEFINITIONS = (
					"DEBUG=1",
					"$(inherited)",
				);
				GCC_WARN_64_TO_32_BIT_CONVERSION = YES;
				GCC_WARN_ABOUT_RETURN_TYPE = YES_ERROR;
				GCC_WARN_UNDECLARED_SELECTOR = YES;
				GCC_WARN_UNINITIALIZED_AUTOS = YES_AGGRESSIVE;
				GCC_WARN_UNUSED_FUNCTION = YES;
				GCC_WARN_UNUSED_VARIABLE = YES;
				IPHONEOS_DEPLOYMENT_TARGET = 17.5;
				LOCALIZATION_PREFERS_STRING_CATALOGS = YES;
				MTL_ENABLE_DEBUG_INFO = INCLUDE_SOURCE;
				MTL_FAST_MATH = YES;
				ONLY_ACTIVE_ARCH = YES;
				SDKROOT = iphoneos;
				SWIFT_ACTIVE_COMPILATION_CONDITIONS = "DEBUG $(inherited)";
				SWIFT_OPTIMIZATION_LEVEL = "-Onone";
			};
			name = Debug;
		};
		1FBD89FC2C27E1AE00966BF1 /* Release */ = {
			isa = XCBuildConfiguration;
			buildSettings = {
				ALWAYS_SEARCH_USER_PATHS = NO;
				ASSETCATALOG_COMPILER_GENERATE_SWIFT_ASSET_SYMBOL_EXTENSIONS = YES;
				CLANG_ANALYZER_NONNULL = YES;
				CLANG_ANALYZER_NUMBER_OBJECT_CONVERSION = YES_AGGRESSIVE;
				CLANG_CXX_LANGUAGE_STANDARD = "gnu++20";
				CLANG_ENABLE_MODULES = YES;
				CLANG_ENABLE_OBJC_ARC = YES;
				CLANG_ENABLE_OBJC_WEAK = YES;
				CLANG_WARN_BLOCK_CAPTURE_AUTORELEASING = YES;
				CLANG_WARN_BOOL_CONVERSION = YES;
				CLANG_WARN_COMMA = YES;
				CLANG_WARN_CONSTANT_CONVERSION = YES;
				CLANG_WARN_DEPRECATED_OBJC_IMPLEMENTATIONS = YES;
				CLANG_WARN_DIRECT_OBJC_ISA_USAGE = YES_ERROR;
				CLANG_WARN_DOCUMENTATION_COMMENTS = YES;
				CLANG_WARN_EMPTY_BODY = YES;
				CLANG_WARN_ENUM_CONVERSION = YES;
				CLANG_WARN_INFINITE_RECURSION = YES;
				CLANG_WARN_INT_CONVERSION = YES;
				CLANG_WARN_NON_LITERAL_NULL_CONVERSION = YES;
				CLANG_WARN_OBJC_IMPLICIT_RETAIN_SELF = YES;
				CLANG_WARN_OBJC_LITERAL_CONVERSION = YES;
				CLANG_WARN_OBJC_ROOT_CLASS = YES_ERROR;
				CLANG_WARN_QUOTED_INCLUDE_IN_FRAMEWORK_HEADER = YES;
				CLANG_WARN_RANGE_LOOP_ANALYSIS = YES;
				CLANG_WARN_STRICT_PROTOTYPES = YES;
				CLANG_WARN_SUSPICIOUS_MOVE = YES;
				CLANG_WARN_UNGUARDED_AVAILABILITY = YES_AGGRESSIVE;
				CLANG_WARN_UNREACHABLE_CODE = YES;
				CLANG_WARN__DUPLICATE_METHOD_MATCH = YES;
				COPY_PHASE_STRIP = NO;
				DEBUG_INFORMATION_FORMAT = "dwarf-with-dsym";
				ENABLE_NS_ASSERTIONS = NO;
				ENABLE_STRICT_OBJC_MSGSEND = YES;
				ENABLE_USER_SCRIPT_SANDBOXING = YES;
				GCC_C_LANGUAGE_STANDARD = gnu17;
				GCC_NO_COMMON_BLOCKS = YES;
				GCC_WARN_64_TO_32_BIT_CONVERSION = YES;
				GCC_WARN_ABOUT_RETURN_TYPE = YES_ERROR;
				GCC_WARN_UNDECLARED_SELECTOR = YES;
				GCC_WARN_UNINITIALIZED_AUTOS = YES_AGGRESSIVE;
				GCC_WARN_UNUSED_FUNCTION = YES;
				GCC_WARN_UNUSED_VARIABLE = YES;
				IPHONEOS_DEPLOYMENT_TARGET = 17.5;
				LOCALIZATION_PREFERS_STRING_CATALOGS = YES;
				MTL_ENABLE_DEBUG_INFO = NO;
				MTL_FAST_MATH = YES;
				SDKROOT = iphoneos;
				SWIFT_COMPILATION_MODE = wholemodule;
				VALIDATE_PRODUCT = YES;
			};
			name = Release;
		};
		1FBD89FE2C27E1AE00966BF1 /* Debug */ = {
			isa = XCBuildConfiguration;
			buildSettings = {
				ASSETCATALOG_COMPILER_APPICON_NAME = AppIcon;
				ASSETCATALOG_COMPILER_GLOBAL_ACCENT_COLOR_NAME = AccentColor;
				CODE_SIGN_STYLE = Automatic;
				CURRENT_PROJECT_VERSION = 1;
				DEVELOPMENT_ASSET_PATHS = "\"Iphone/Preview Content\"";
				ENABLE_PREVIEWS = YES;
				GENERATE_INFOPLIST_FILE = YES;
				INFOPLIST_KEY_LSApplicationCategoryType = "public.app-category.finance";
				INFOPLIST_KEY_UIApplicationSceneManifest_Generation = YES;
				INFOPLIST_KEY_UIApplicationSupportsIndirectInputEvents = YES;
				INFOPLIST_KEY_UILaunchScreen_Generation = YES;
				INFOPLIST_KEY_UISupportedInterfaceOrientations_iPad = "UIInterfaceOrientationPortrait UIInterfaceOrientationPortraitUpsideDown UIInterfaceOrientationLandscapeLeft UIInterfaceOrientationLandscapeRight";
				INFOPLIST_KEY_UISupportedInterfaceOrientations_iPhone = "UIInterfaceOrientationPortrait UIInterfaceOrientationLandscapeLeft UIInterfaceOrientationLandscapeRight";
				LD_RUNPATH_SEARCH_PATHS = (
					"$(inherited)",
					"@executable_path/Frameworks",
				);
				MARKETING_VERSION = 1.0;
				PRODUCT_BUNDLE_IDENTIFIER = SWS.Iphone;
				PRODUCT_NAME = "$(TARGET_NAME)";
				SWIFT_EMIT_LOC_STRINGS = YES;
				SWIFT_VERSION = 5.0;
				TARGETED_DEVICE_FAMILY = "1,2";
			};
			name = Debug;
		};
		1FBD89FF2C27E1AE00966BF1 /* Release */ = {
			isa = XCBuildConfiguration;
			buildSettings = {
				ASSETCATALOG_COMPILER_APPICON_NAME = AppIcon;
				ASSETCATALOG_COMPILER_GLOBAL_ACCENT_COLOR_NAME = AccentColor;
				CODE_SIGN_STYLE = Automatic;
				CURRENT_PROJECT_VERSION = 1;
				DEVELOPMENT_ASSET_PATHS = "\"Iphone/Preview Content\"";
				ENABLE_PREVIEWS = YES;
				GENERATE_INFOPLIST_FILE = YES;
				INFOPLIST_KEY_LSApplicationCategoryType = "public.app-category.finance";
				INFOPLIST_KEY_UIApplicationSceneManifest_Generation = YES;
				INFOPLIST_KEY_UIApplicationSupportsIndirectInputEvents = YES;
				INFOPLIST_KEY_UILaunchScreen_Generation = YES;
				INFOPLIST_KEY_UISupportedInterfaceOrientations_iPad = "UIInterfaceOrientationPortrait UIInterfaceOrientationPortraitUpsideDown UIInterfaceOrientationLandscapeLeft UIInterfaceOrientationLandscapeRight";
				INFOPLIST_KEY_UISupportedInterfaceOrientations_iPhone = "UIInterfaceOrientationPortrait UIInterfaceOrientationLandscapeLeft UIInterfaceOrientationLandscapeRight";
				LD_RUNPATH_SEARCH_PATHS = (
					"$(inherited)",
					"@executable_path/Frameworks",
				);
				MARKETING_VERSION = 1.0;
				PRODUCT_BUNDLE_IDENTIFIER = SWS.Iphone;
				PRODUCT_NAME = "$(TARGET_NAME)";
				SWIFT_EMIT_LOC_STRINGS = YES;
				SWIFT_VERSION = 5.0;
				TARGETED_DEVICE_FAMILY = "1,2";
			};
			name = Release;
		};
		1FBD8A012C27E1AE00966BF1 /* Debug */ = {
			isa = XCBuildConfiguration;
			buildSettings = {
				ALWAYS_EMBED_SWIFT_STANDARD_LIBRARIES = YES;
				BUNDLE_LOADER = "$(TEST_HOST)";
				CODE_SIGN_STYLE = Automatic;
				CURRENT_PROJECT_VERSION = 1;
				GENERATE_INFOPLIST_FILE = YES;
				IPHONEOS_DEPLOYMENT_TARGET = 17.5;
				MARKETING_VERSION = 1.0;
				PRODUCT_BUNDLE_IDENTIFIER = SWS.IphoneTests;
				PRODUCT_NAME = "$(TARGET_NAME)";
				SWIFT_EMIT_LOC_STRINGS = NO;
				SWIFT_VERSION = 5.0;
				TARGETED_DEVICE_FAMILY = "1,2";
				TEST_HOST = "$(BUILT_PRODUCTS_DIR)/Iphone.app/$(BUNDLE_EXECUTABLE_FOLDER_PATH)/Iphone";
			};
			name = Debug;
		};
		1FBD8A022C27E1AE00966BF1 /* Release */ = {
			isa = XCBuildConfiguration;
			buildSettings = {
				ALWAYS_EMBED_SWIFT_STANDARD_LIBRARIES = YES;
				BUNDLE_LOADER = "$(TEST_HOST)";
				CODE_SIGN_STYLE = Automatic;
				CURRENT_PROJECT_VERSION = 1;
				GENERATE_INFOPLIST_FILE = YES;
				IPHONEOS_DEPLOYMENT_TARGET = 17.5;
				MARKETING_VERSION = 1.0;
				PRODUCT_BUNDLE_IDENTIFIER = SWS.IphoneTests;
				PRODUCT_NAME = "$(TARGET_NAME)";
				SWIFT_EMIT_LOC_STRINGS = NO;
				SWIFT_VERSION = 5.0;
				TARGETED_DEVICE_FAMILY = "1,2";
				TEST_HOST = "$(BUILT_PRODUCTS_DIR)/Iphone.app/$(BUNDLE_EXECUTABLE_FOLDER_PATH)/Iphone";
			};
			name = Release;
		};
		1FBD8A042C27E1AE00966BF1 /* Debug */ = {
			isa = XCBuildConfiguration;
			buildSettings = {
				ALWAYS_EMBED_SWIFT_STANDARD_LIBRARIES = YES;
				CODE_SIGN_STYLE = Automatic;
				CURRENT_PROJECT_VERSION = 1;
				GENERATE_INFOPLIST_FILE = YES;
				MARKETING_VERSION = 1.0;
				PRODUCT_BUNDLE_IDENTIFIER = SWS.IphoneUITests;
				PRODUCT_NAME = "$(TARGET_NAME)";
				SWIFT_EMIT_LOC_STRINGS = NO;
				SWIFT_VERSION = 5.0;
				TARGETED_DEVICE_FAMILY = "1,2";
				TEST_TARGET_NAME = Iphone;
			};
			name = Debug;
		};
		1FBD8A052C27E1AE00966BF1 /* Release */ = {
			isa = XCBuildConfiguration;
			buildSettings = {
				ALWAYS_EMBED_SWIFT_STANDARD_LIBRARIES = YES;
				CODE_SIGN_STYLE = Automatic;
				CURRENT_PROJECT_VERSION = 1;
				GENERATE_INFOPLIST_FILE = YES;
				MARKETING_VERSION = 1.0;
				PRODUCT_BUNDLE_IDENTIFIER = SWS.IphoneUITests;
				PRODUCT_NAME = "$(TARGET_NAME)";
				SWIFT_EMIT_LOC_STRINGS = NO;
				SWIFT_VERSION = 5.0;
				TARGETED_DEVICE_FAMILY = "1,2";
				TEST_TARGET_NAME = Iphone;
			};
			name = Release;
		};
/* End XCBuildConfiguration section */

/* Begin XCConfigurationList section */
		1FBD89D42C27E1AC00966BF1 /* Build configuration list for PBXProject "Iphone" */ = {
			isa = XCConfigurationList;
			buildConfigurations = (
				1FBD89FB2C27E1AE00966BF1 /* Debug */,
				1FBD89FC2C27E1AE00966BF1 /* Release */,
			);
			defaultConfigurationIsVisible = 0;
			defaultConfigurationName = Release;
		};
		1FBD89FD2C27E1AE00966BF1 /* Build configuration list for PBXNativeTarget "Iphone" */ = {
			isa = XCConfigurationList;
			buildConfigurations = (
				1FBD89FE2C27E1AE00966BF1 /* Debug */,
				1FBD89FF2C27E1AE00966BF1 /* Release */,
			);
			defaultConfigurationIsVisible = 0;
			defaultConfigurationName = Release;
		};
		1FBD8A002C27E1AE00966BF1 /* Build configuration list for PBXNativeTarget "IphoneTests" */ = {
			isa = XCConfigurationList;
			buildConfigurations = (
				1FBD8A012C27E1AE00966BF1 /* Debug */,
				1FBD8A022C27E1AE00966BF1 /* Release */,
			);
			defaultConfigurationIsVisible = 0;
			defaultConfigurationName = Release;
		};
		1FBD8A032C27E1AE00966BF1 /* Build configuration list for PBXNativeTarget "IphoneUITests" */ = {
			isa = XCConfigurationList;
			buildConfigurations = (
				1FBD8A042C27E1AE00966BF1 /* Debug */,
				1FBD8A052C27E1AE00966BF1 /* Release */,
			);
			defaultConfigurationIsVisible = 0;
			defaultConfigurationName = Release;
		};
/* End XCConfigurationList section */
	};
	rootObject = 1FBD89D12C27E1AC00966BF1 /* Project object */;
}
